// !$*UTF8*$!
{
	archiveVersion = 1;
	classes = {
	};
	objectVersion = 46;
	objects = {

/* Begin PBXBuildFile section */
		7BCDCF0E1B94459500EA3D09 /* main.m in Sources */ = {isa = PBXBuildFile; fileRef = 7BCDCF0D1B94459500EA3D09 /* main.m */; };
		7BCDCF111B94459500EA3D09 /* AppDelegate.m in Sources */ = {isa = PBXBuildFile; fileRef = 7BCDCF101B94459500EA3D09 /* AppDelegate.m */; };
		7BCDCF141B94459500EA3D09 /* ViewController.m in Sources */ = {isa = PBXBuildFile; fileRef = 7BCDCF131B94459500EA3D09 /* ViewController.m */; };
		7BCDCF171B94459500EA3D09 /* Main.storyboard in Resources */ = {isa = PBXBuildFile; fileRef = 7BCDCF151B94459500EA3D09 /* Main.storyboard */; };
		7BCDCF191B94459500EA3D09 /* Assets.xcassets in Resources */ = {isa = PBXBuildFile; fileRef = 7BCDCF181B94459500EA3D09 /* Assets.xcassets */; };
		7BCDCF1C1B94459500EA3D09 /* LaunchScreen.storyboard in Resources */ = {isa = PBXBuildFile; fileRef = 7BCDCF1A1B94459500EA3D09 /* LaunchScreen.storyboard */; };
		7BCDCF271B94459500EA3D09 /* momoTests.m in Sources */ = {isa = PBXBuildFile; fileRef = 7BCDCF261B94459500EA3D09 /* momoTests.m */; };
		7BCDCF321B94459500EA3D09 /* momoUITests.m in Sources */ = {isa = PBXBuildFile; fileRef = 7BCDCF311B94459500EA3D09 /* momoUITests.m */; };
/* End PBXBuildFile section */

/* Begin PBXContainerItemProxy section */
		7BCDCF231B94459500EA3D09 /* PBXContainerItemProxy */ = {
			isa = PBXContainerItemProxy;
			containerPortal = 7BCDCF011B94459500EA3D09 /* Project object */;
			proxyType = 1;
			remoteGlobalIDString = 7BCDCF081B94459500EA3D09;
			remoteInfo = momo;
		};
		7BCDCF2E1B94459500EA3D09 /* PBXContainerItemProxy */ = {
			isa = PBXContainerItemProxy;
			containerPortal = 7BCDCF011B94459500EA3D09 /* Project object */;
			proxyType = 1;
			remoteGlobalIDString = 7BCDCF081B94459500EA3D09;
			remoteInfo = momo;
		};
/* End PBXContainerItemProxy section */

/* Begin PBXFileReference section */
		7BCDCF091B94459500EA3D09 /* momo.app */ = {isa = PBXFileReference; explicitFileType = wrapper.application; includeInIndex = 0; path = momo.app; sourceTree = BUILT_PRODUCTS_DIR; };
		7BCDCF0D1B94459500EA3D09 /* main.m */ = {isa = PBXFileReference; lastKnownFileType = sourcecode.c.objc; path = main.m; sourceTree = "<group>"; };
		7BCDCF0F1B94459500EA3D09 /* AppDelegate.h */ = {isa = PBXFileReference; lastKnownFileType = sourcecode.c.h; path = AppDelegate.h; sourceTree = "<group>"; };
		7BCDCF101B94459500EA3D09 /* AppDelegate.m */ = {isa = PBXFileReference; lastKnownFileType = sourcecode.c.objc; path = AppDelegate.m; sourceTree = "<group>"; };
		7BCDCF121B94459500EA3D09 /* ViewController.h */ = {isa = PBXFileReference; lastKnownFileType = sourcecode.c.h; path = ViewController.h; sourceTree = "<group>"; };
		7BCDCF131B94459500EA3D09 /* ViewController.m */ = {isa = PBXFileReference; lastKnownFileType = sourcecode.c.objc; path = ViewController.m; sourceTree = "<group>"; };
		7BCDCF161B94459500EA3D09 /* Base */ = {isa = PBXFileReference; lastKnownFileType = file.storyboard; name = Base; path = Base.lproj/Main.storyboard; sourceTree = "<group>"; };
		7BCDCF181B94459500EA3D09 /* Assets.xcassets */ = {isa = PBXFileReference; lastKnownFileType = folder.assetcatalog; path = Assets.xcassets; sourceTree = "<group>"; };
		7BCDCF1B1B94459500EA3D09 /* Base */ = {isa = PBXFileReference; lastKnownFileType = file.storyboard; name = Base; path = Base.lproj/LaunchScreen.storyboard; sourceTree = "<group>"; };
		7BCDCF1D1B94459500EA3D09 /* Info.plist */ = {isa = PBXFileReference; lastKnownFileType = text.plist.xml; path = Info.plist; sourceTree = "<group>"; };
		7BCDCF221B94459500EA3D09 /* momoTests.xctest */ = {isa = PBXFileReference; explicitFileType = wrapper.cfbundle; includeInIndex = 0; path = momoTests.xctest; sourceTree = BUILT_PRODUCTS_DIR; };
		7BCDCF261B94459500EA3D09 /* momoTests.m */ = {isa = PBXFileReference; lastKnownFileType = sourcecode.c.objc; path = momoTests.m; sourceTree = "<group>"; };
		7BCDCF281B94459500EA3D09 /* Info.plist */ = {isa = PBXFileReference; lastKnownFileType = text.plist.xml; path = Info.plist; sourceTree = "<group>"; };
		7BCDCF2D1B94459500EA3D09 /* momoUITests.xctest */ = {isa = PBXFileReference; explicitFileType = wrapper.cfbundle; includeInIndex = 0; path = momoUITests.xctest; sourceTree = BUILT_PRODUCTS_DIR; };
		7BCDCF311B94459500EA3D09 /* momoUITests.m */ = {isa = PBXFileReference; lastKnownFileType = sourcecode.c.objc; path = momoUITests.m; sourceTree = "<group>"; };
		7BCDCF331B94459500EA3D09 /* Info.plist */ = {isa = PBXFileReference; lastKnownFileType = text.plist.xml; path = Info.plist; sourceTree = "<group>"; };
/* End PBXFileReference section */

/* Begin PBXFrameworksBuildPhase section */
		7BCDCF061B94459500EA3D09 /* Frameworks */ = {
			isa = PBXFrameworksBuildPhase;
			buildActionMask = 2147483647;
			files = (
			);
			runOnlyForDeploymentPostprocessing = 0;
		};
		7BCDCF1F1B94459500EA3D09 /* Frameworks */ = {
			isa = PBXFrameworksBuildPhase;
			buildActionMask = 2147483647;
			files = (
			);
			runOnlyForDeploymentPostprocessing = 0;
		};
		7BCDCF2A1B94459500EA3D09 /* Frameworks */ = {
			isa = PBXFrameworksBuildPhase;
			buildActionMask = 2147483647;
			files = (
			);
			runOnlyForDeploymentPostprocessing = 0;
		};
/* End PBXFrameworksBuildPhase section */

/* Begin PBXGroup section */
		7BCDCF001B94459500EA3D09 = {
			isa = PBXGroup;
			children = (
				7BCDCF0B1B94459500EA3D09 /* momo */,
				7BCDCF251B94459500EA3D09 /* momoTests */,
				7BCDCF301B94459500EA3D09 /* momoUITests */,
				7BCDCF0A1B94459500EA3D09 /* Products */,
			);
			sourceTree = "<group>";
		};
		7BCDCF0A1B94459500EA3D09 /* Products */ = {
			isa = PBXGroup;
			children = (
				7BCDCF091B94459500EA3D09 /* momo.app */,
				7BCDCF221B94459500EA3D09 /* momoTests.xctest */,
				7BCDCF2D1B94459500EA3D09 /* momoUITests.xctest */,
			);
			name = Products;
			sourceTree = "<group>";
		};
		7BCDCF0B1B94459500EA3D09 /* momo */ = {
			isa = PBXGroup;
			children = (
				7BCDCF0F1B94459500EA3D09 /* AppDelegate.h */,
				7BCDCF101B94459500EA3D09 /* AppDelegate.m */,
				7BCDCF121B94459500EA3D09 /* ViewController.h */,
				7BCDCF131B94459500EA3D09 /* ViewController.m */,
				7BCDCF151B94459500EA3D09 /* Main.storyboard */,
				7BCDCF181B94459500EA3D09 /* Assets.xcassets */,
				7BCDCF1A1B94459500EA3D09 /* LaunchScreen.storyboard */,
				7BCDCF1D1B94459500EA3D09 /* Info.plist */,
				7BCDCF0C1B94459500EA3D09 /* Supporting Files */,
			);
			path = momo;
			sourceTree = "<group>";
		};
		7BCDCF0C1B94459500EA3D09 /* Supporting Files */ = {
			isa = PBXGroup;
			children = (
				7BCDCF0D1B94459500EA3D09 /* main.m */,
			);
			name = "Supporting Files";
			sourceTree = "<group>";
		};
		7BCDCF251B94459500EA3D09 /* momoTests */ = {
			isa = PBXGroup;
			children = (
				7BCDCF261B94459500EA3D09 /* momoTests.m */,
				7BCDCF281B94459500EA3D09 /* Info.plist */,
			);
			path = momoTests;
			sourceTree = "<group>";
		};
		7BCDCF301B94459500EA3D09 /* momoUITests */ = {
			isa = PBXGroup;
			children = (
				7BCDCF311B94459500EA3D09 /* momoUITests.m */,
				7BCDCF331B94459500EA3D09 /* Info.plist */,
			);
			path = momoUITests;
			sourceTree = "<group>";
		};
/* End PBXGroup section */

/* Begin PBXNativeTarget section */
		7BCDCF081B94459500EA3D09 /* momo */ = {
			isa = PBXNativeTarget;
			buildConfigurationList = 7BCDCF361B94459500EA3D09 /* Build configuration list for PBXNativeTarget "momo" */;
			buildPhases = (
				7BCDCF051B94459500EA3D09 /* Sources */,
				7BCDCF061B94459500EA3D09 /* Frameworks */,
				7BCDCF071B94459500EA3D09 /* Resources */,
			);
			buildRules = (
			);
			dependencies = (
			);
			name = momo;
			productName = momo;
			productReference = 7BCDCF091B94459500EA3D09 /* momo.app */;
			productType = "com.apple.product-type.application";
		};
		7BCDCF211B94459500EA3D09 /* momoTests */ = {
			isa = PBXNativeTarget;
			buildConfigurationList = 7BCDCF391B94459500EA3D09 /* Build configuration list for PBXNativeTarget "momoTests" */;
			buildPhases = (
				7BCDCF1E1B94459500EA3D09 /* Sources */,
				7BCDCF1F1B94459500EA3D09 /* Frameworks */,
				7BCDCF201B94459500EA3D09 /* Resources */,
			);
			buildRules = (
			);
			dependencies = (
				7BCDCF241B94459500EA3D09 /* PBXTargetDependency */,
			);
			name = momoTests;
			productName = momoTests;
			productReference = 7BCDCF221B94459500EA3D09 /* momoTests.xctest */;
			productType = "com.apple.product-type.bundle.unit-test";
		};
		7BCDCF2C1B94459500EA3D09 /* momoUITests */ = {
			isa = PBXNativeTarget;
			buildConfigurationList = 7BCDCF3C1B94459500EA3D09 /* Build configuration list for PBXNativeTarget "momoUITests" */;
			buildPhases = (
				7BCDCF291B94459500EA3D09 /* Sources */,
				7BCDCF2A1B94459500EA3D09 /* Frameworks */,
				7BCDCF2B1B94459500EA3D09 /* Resources */,
			);
			buildRules = (
			);
			dependencies = (
				7BCDCF2F1B94459500EA3D09 /* PBXTargetDependency */,
			);
			name = momoUITests;
			productName = momoUITests;
			productReference = 7BCDCF2D1B94459500EA3D09 /* momoUITests.xctest */;
			productType = "com.apple.product-type.bundle.ui-testing";
		};
/* End PBXNativeTarget section */

/* Begin PBXProject section */
		7BCDCF011B94459500EA3D09 /* Project object */ = {
			isa = PBXProject;
			attributes = {
				LastUpgradeCheck = 0700;
				ORGANIZATIONNAME = "小码哥";
				TargetAttributes = {
					7BCDCF081B94459500EA3D09 = {
						CreatedOnToolsVersion = 7.0;
					};
					7BCDCF211B94459500EA3D09 = {
						CreatedOnToolsVersion = 7.0;
						TestTargetID = 7BCDCF081B94459500EA3D09;
					};
					7BCDCF2C1B94459500EA3D09 = {
						CreatedOnToolsVersion = 7.0;
						TestTargetID = 7BCDCF081B94459500EA3D09;
					};
				};
			};
			buildConfigurationList = 7BCDCF041B94459500EA3D09 /* Build configuration list for PBXProject "momo" */;
			compatibilityVersion = "Xcode 3.2";
			developmentRegion = English;
			hasScannedForEncodings = 0;
			knownRegions = (
				en,
				Base,
			);
			mainGroup = 7BCDCF001B94459500EA3D09;
			productRefGroup = 7BCDCF0A1B94459500EA3D09 /* Products */;
			projectDirPath = "";
			projectRoot = "";
			targets = (
				7BCDCF081B94459500EA3D09 /* momo */,
				7BCDCF211B94459500EA3D09 /* momoTests */,
				7BCDCF2C1B94459500EA3D09 /* momoUITests */,
			);
		};
/* End PBXProject section */

/* Begin PBXResourcesBuildPhase section */
		7BCDCF071B94459500EA3D09 /* Resources */ = {
			isa = PBXResourcesBuildPhase;
			buildActionMask = 2147483647;
			files = (
				7BCDCF1C1B94459500EA3D09 /* LaunchScreen.storyboard in Resources */,
				7BCDCF191B94459500EA3D09 /* Assets.xcassets in Resources */,
				7BCDCF171B94459500EA3D09 /* Main.storyboard in Resources */,
			);
			runOnlyForDeploymentPostprocessing = 0;
		};
		7BCDCF201B94459500EA3D09 /* Resources */ = {
			isa = PBXResourcesBuildPhase;
			buildActionMask = 2147483647;
			files = (
			);
			runOnlyForDeploymentPostprocessing = 0;
		};
		7BCDCF2B1B94459500EA3D09 /* Resources */ = {
			isa = PBXResourcesBuildPhase;
			buildActionMask = 2147483647;
			files = (
			);
			runOnlyForDeploymentPostprocessing = 0;
		};
/* End PBXResourcesBuildPhase section */

/* Begin PBXSourcesBuildPhase section */
		7BCDCF051B94459500EA3D09 /* Sources */ = {
			isa = PBXSourcesBuildPhase;
			buildActionMask = 2147483647;
			files = (
				7BCDCF141B94459500EA3D09 /* ViewController.m in Sources */,
				7BCDCF111B94459500EA3D09 /* AppDelegate.m in Sources */,
				7BCDCF0E1B94459500EA3D09 /* main.m in Sources */,
			);
			runOnlyForDeploymentPostprocessing = 0;
		};
		7BCDCF1E1B94459500EA3D09 /* Sources */ = {
			isa = PBXSourcesBuildPhase;
			buildActionMask = 2147483647;
			files = (
				7BCDCF271B94459500EA3D09 /* momoTests.m in Sources */,
			);
			runOnlyForDeploymentPostprocessing = 0;
		};
		7BCDCF291B94459500EA3D09 /* Sources */ = {
			isa = PBXSourcesBuildPhase;
			buildActionMask = 2147483647;
			files = (
				7BCDCF321B94459500EA3D09 /* momoUITests.m in Sources */,
			);
			runOnlyForDeploymentPostprocessing = 0;
		};
/* End PBXSourcesBuildPhase section */

/* Begin PBXTargetDependency section */
		7BCDCF241B94459500EA3D09 /* PBXTargetDependency */ = {
			isa = PBXTargetDependency;
			target = 7BCDCF081B94459500EA3D09 /* momo */;
			targetProxy = 7BCDCF231B94459500EA3D09 /* PBXContainerItemProxy */;
		};
		7BCDCF2F1B94459500EA3D09 /* PBXTargetDependency */ = {
			isa = PBXTargetDependency;
			target = 7BCDCF081B94459500EA3D09 /* momo */;
			targetProxy = 7BCDCF2E1B94459500EA3D09 /* PBXContainerItemProxy */;
		};
/* End PBXTargetDependency section */

/* Begin PBXVariantGroup section */
		7BCDCF151B94459500EA3D09 /* Main.storyboard */ = {
			isa = PBXVariantGroup;
			children = (
				7BCDCF161B94459500EA3D09 /* Base */,
			);
			name = Main.storyboard;
			sourceTree = "<group>";
		};
		7BCDCF1A1B94459500EA3D09 /* LaunchScreen.storyboard */ = {
			isa = PBXVariantGroup;
			children = (
				7BCDCF1B1B94459500EA3D09 /* Base */,
			);
			name = LaunchScreen.storyboard;
			sourceTree = "<group>";
		};
/* End PBXVariantGroup section */

/* Begin XCBuildConfiguration section */
		7BCDCF341B94459500EA3D09 /* Debug */ = {
			isa = XCBuildConfiguration;
			buildSettings = {
				ALWAYS_SEARCH_USER_PATHS = NO;
				CLANG_CXX_LANGUAGE_STANDARD = "gnu++0x";
				CLANG_CXX_LIBRARY = "libc++";
				CLANG_ENABLE_MODULES = YES;
				CLANG_ENABLE_OBJC_ARC = YES;
				CLANG_WARN_BOOL_CONVERSION = YES;
				CLANG_WARN_CONSTANT_CONVERSION = YES;
				CLANG_WARN_DIRECT_OBJC_ISA_USAGE = YES_ERROR;
				CLANG_WARN_EMPTY_BODY = YES;
				CLANG_WARN_ENUM_CONVERSION = YES;
				CLANG_WARN_INT_CONVERSION = YES;
				CLANG_WARN_OBJC_ROOT_CLASS = YES_ERROR;
				CLANG_WARN_UNREACHABLE_CODE = YES;
				CLANG_WARN__DUPLICATE_METHOD_MATCH = YES;
				"CODE_SIGN_IDENTITY[sdk=iphoneos*]" = "iPhone Developer";
				COPY_PHASE_STRIP = NO;
				DEBUG_INFORMATION_FORMAT = dwarf;
				ENABLE_STRICT_OBJC_MSGSEND = YES;
				ENABLE_TESTABILITY = YES;
				GCC_C_LANGUAGE_STANDARD = gnu99;
				GCC_DYNAMIC_NO_PIC = NO;
				GCC_NO_COMMON_BLOCKS = YES;
				GCC_OPTIMIZATION_LEVEL = 0;
				GCC_PREPROCESSOR_DEFINITIONS = (
					"DEBUG=1",
					"$(inherited)",
				);
				GCC_WARN_64_TO_32_BIT_CONVERSION = YES;
				GCC_WARN_ABOUT_RETURN_TYPE = YES_ERROR;
				GCC_WARN_UNDECLARED_SELECTOR = YES;
				GCC_WARN_UNINITIALIZED_AUTOS = YES_AGGRESSIVE;
				GCC_WARN_UNUSED_FUNCTION = YES;
				GCC_WARN_UNUSED_VARIABLE = YES;
				IPHONEOS_DEPLOYMENT_TARGET = 9.0;
				MTL_ENABLE_DEBUG_INFO = YES;
				ONLY_ACTIVE_ARCH = YES;
				SDKROOT = iphoneos;
			};
			name = Debug;
		};
		7BCDCF351B94459500EA3D09 /* Release */ = {
			isa = XCBuildConfiguration;
			buildSettings = {
				ALWAYS_SEARCH_USER_PATHS = NO;
				CLANG_CXX_LANGUAGE_STANDARD = "gnu++0x";
				CLANG_CXX_LIBRARY = "libc++";
				CLANG_ENABLE_MODULES = YES;
				CLANG_ENABLE_OBJC_ARC = YES;
				CLANG_WARN_BOOL_CONVERSION = YES;
				CLANG_WARN_CONSTANT_CONVERSION = YES;
				CLANG_WARN_DIRECT_OBJC_ISA_USAGE = YES_ERROR;
				CLANG_WARN_EMPTY_BODY = YES;
				CLANG_WARN_ENUM_CONVERSION = YES;
				CLANG_WARN_INT_CONVERSION = YES;
				CLANG_WARN_OBJC_ROOT_CLASS = YES_ERROR;
				CLANG_WARN_UNREACHABLE_CODE = YES;
				CLANG_WARN__DUPLICATE_METHOD_MATCH = YES;
				"CODE_SIGN_IDENTITY[sdk=iphoneos*]" = "iPhone Developer";
				COPY_PHASE_STRIP = NO;
				DEBUG_INFORMATION_FORMAT = "dwarf-with-dsym";
				ENABLE_NS_ASSERTIONS = NO;
				ENABLE_STRICT_OBJC_MSGSEND = YES;
				GCC_C_LANGUAGE_STANDARD = gnu99;
				GCC_NO_COMMON_BLOCKS = YES;
				GCC_WARN_64_TO_32_BIT_CONVERSION = YES;
				GCC_WARN_ABOUT_RETURN_TYPE = YES_ERROR;
				GCC_WARN_UNDECLARED_SELECTOR = YES;
				GCC_WARN_UNINITIALIZED_AUTOS = YES_AGGRESSIVE;
				GCC_WARN_UNUSED_FUNCTION = YES;
				GCC_WARN_UNUSED_VARIABLE = YES;
				IPHONEOS_DEPLOYMENT_TARGET = 9.0;
				MTL_ENABLE_DEBUG_INFO = NO;
				SDKROOT = iphoneos;
				VALIDATE_PRODUCT = YES;
			};
			name = Release;
		};
		7BCDCF371B94459500EA3D09 /* Debug */ = {
			isa = XCBuildConfiguration;
			buildSettings = {
				ASSETCATALOG_COMPILER_APPICON_NAME = AppIcon;
				INFOPLIST_FILE = momo/Info.plist;
				LD_RUNPATH_SEARCH_PATHS = "$(inherited) @executable_path/Frameworks";
				PRODUCT_BUNDLE_IDENTIFIER = com.520it.momo;
				PRODUCT_NAME = "$(TARGET_NAME)";
			};
			name = Debug;
		};
		7BCDCF381B94459500EA3D09 /* Release */ = {
			isa = XCBuildConfiguration;
			buildSettings = {
				ASSETCATALOG_COMPILER_APPICON_NAME = AppIcon;
				INFOPLIST_FILE = momo/Info.plist;
				LD_RUNPATH_SEARCH_PATHS = "$(inherited) @executable_path/Frameworks";
				PRODUCT_BUNDLE_IDENTIFIER = com.520it.momo;
				PRODUCT_NAME = "$(TARGET_NAME)";
			};
			name = Release;
		};
		7BCDCF3A1B94459500EA3D09 /* Debug */ = {
			isa = XCBuildConfiguration;
			buildSettings = {
				BUNDLE_LOADER = "$(TEST_HOST)";
				INFOPLIST_FILE = momoTests/Info.plist;
				LD_RUNPATH_SEARCH_PATHS = "$(inherited) @executable_path/Frameworks @loader_path/Frameworks";
				PRODUCT_BUNDLE_IDENTIFIER = com.520it.momoTests;
				PRODUCT_NAME = "$(TARGET_NAME)";
				TEST_HOST = "$(BUILT_PRODUCTS_DIR)/momo.app/momo";
			};
			name = Debug;
		};
		7BCDCF3B1B94459500EA3D09 /* Release */ = {
			isa = XCBuildConfiguration;
			buildSettings = {
				BUNDLE_LOADER = "$(TEST_HOST)";
				INFOPLIST_FILE = momoTests/Info.plist;
				LD_RUNPATH_SEARCH_PATHS = "$(inherited) @executable_path/Frameworks @loader_path/Frameworks";
				PRODUCT_BUNDLE_IDENTIFIER = com.520it.momoTests;
				PRODUCT_NAME = "$(TARGET_NAME)";
				TEST_HOST = "$(BUILT_PRODUCTS_DIR)/momo.app/momo";
			};
			name = Release;
		};
		7BCDCF3D1B94459500EA3D09 /* Debug */ = {
			isa = XCBuildConfiguration;
			buildSettings = {
				INFOPLIST_FILE = momoUITests/Info.plist;
				LD_RUNPATH_SEARCH_PATHS = "$(inherited) @executable_path/Frameworks @loader_path/Frameworks";
				PRODUCT_BUNDLE_IDENTIFIER = com.520it.momoUITests;
				PRODUCT_NAME = "$(TARGET_NAME)";
				TEST_TARGET_NAME = momo;
				USES_XCTRUNNER = YES;
			};
			name = Debug;
		};
		7BCDCF3E1B94459500EA3D09 /* Release */ = {
			isa = XCBuildConfiguration;
			buildSettings = {
				INFOPLIST_FILE = momoUITests/Info.plist;
				LD_RUNPATH_SEARCH_PATHS = "$(inherited) @executable_path/Frameworks @loader_path/Frameworks";
				PRODUCT_BUNDLE_IDENTIFIER = com.520it.momoUITests;
				PRODUCT_NAME = "$(TARGET_NAME)";
				TEST_TARGET_NAME = momo;
				USES_XCTRUNNER = YES;
			};
			name = Release;
		};
/* End XCBuildConfiguration section */

/* Begin XCConfigurationList section */
		7BCDCF041B94459500EA3D09 /* Build configuration list for PBXProject "momo" */ = {
			isa = XCConfigurationList;
			buildConfigurations = (
				7BCDCF341B94459500EA3D09 /* Debug */,
				7BCDCF351B94459500EA3D09 /* Release */,
			);
			defaultConfigurationIsVisible = 0;
			defaultConfigurationName = Release;
		};
		7BCDCF361B94459500EA3D09 /* Build configuration list for PBXNativeTarget "momo" */ = {
			isa = XCConfigurationList;
			buildConfigurations = (
				7BCDCF371B94459500EA3D09 /* Debug */,
				7BCDCF381B94459500EA3D09 /* Release */,
			);
			defaultConfigurationIsVisible = 0;
		};
		7BCDCF391B94459500EA3D09 /* Build configuration list for PBXNativeTarget "momoTests" */ = {
			isa = XCConfigurationList;
			buildConfigurations = (
				7BCDCF3A1B94459500EA3D09 /* Debug */,
				7BCDCF3B1B94459500EA3D09 /* Release */,
			);
			defaultConfigurationIsVisible = 0;
		};
		7BCDCF3C1B94459500EA3D09 /* Build configuration list for PBXNativeTarget "momoUITests" */ = {
			isa = XCConfigurationList;
			buildConfigurations = (
				7BCDCF3D1B94459500EA3D09 /* Debug */,
				7BCDCF3E1B94459500EA3D09 /* Release */,
			);
			defaultConfigurationIsVisible = 0;
		};
/* End XCConfigurationList section */
	};
	rootObject = 7BCDCF011B94459500EA3D09 /* Project object */;
}
